
Microsoft Visual Studio Solution File, Format Version 12.00
# Visual Studio Version 16
VisualStudioVersion = 16.0.31410.357
MinimumVisualStudioVersion = 10.0.40219.1
Project("{FAE04EC0-301F-11D3-BF4B-00C04F79EFBC}") = "portfolio-API", "portfolio-API\portfolio-API.csproj", "{36F6F8F6-C066-4AA0-9E4B-862FB5F2EDEC}"
EndProject
Global
	GlobalSection(SolutionConfigurationPlatforms) = preSolution
		Debug|Any CPU = Debug|Any CPU
		Release|Any CPU = Release|Any CPU
	EndGlobalSection
	GlobalSection(ProjectConfigurationPlatforms) = postSolution
		{36F6F8F6-C066-4AA0-9E4B-862FB5F2EDEC}.Debug|Any CPU.ActiveCfg = Debug|Any CPU
		{36F6F8F6-C066-4AA0-9E4B-862FB5F2EDEC}.Debug|Any CPU.Build.0 = Debug|Any CPU
		{36F6F8F6-C066-4AA0-9E4B-862FB5F2EDEC}.Release|Any CPU.ActiveCfg = Release|Any CPU
		{36F6F8F6-C066-4AA0-9E4B-862FB5F2EDEC}.Release|Any CPU.Build.0 = Release|Any CPU
	EndGlobalSection
	GlobalSection(SolutionProperties) = preSolution
		HideSolutionNode = FALSE
	EndGlobalSection
	GlobalSection(ExtensibilityGlobals) = postSolution
		SolutionGuid = {B704EB1F-A5DA-45CC-80EA-CF88A8C7A63F}
	EndGlobalSection
EndGlobal
